
Microsoft Visual Studio Solution File, Format Version 12.00
# Visual Studio 2013
VisualStudioVersion = 12.0.31101.0
MinimumVisualStudioVersion = 10.0.40219.1
Project("{E24C65DC-7377-472B-9ABA-BC803B73C61A}") = "WebSite1(1)", "http://localhost:52010", "{31BCBB9B-F385-445A-BE67-2D7169C4AA8C}"
	ProjectSection(WebsiteProperties) = preProject
		UseIISExpress = "true"
		TargetFrameworkMoniker = ".NETFramework,Version%3Dv4.5"
		Debug.AspNetCompiler.VirtualPath = "/localhost_52010"
		Debug.AspNetCompiler.PhysicalPath = "..\..\WebSites\WebSite1\"
		Debug.AspNetCompiler.TargetPath = "PrecompiledWeb\localhost_52010\"
		Debug.AspNetCompiler.Updateable = "true"
		Debug.AspNetCompiler.ForceOverwrite = "true"
		Debug.AspNetCompiler.FixedNames = "false"
		Debug.AspNetCompiler.Debug = "True"
		Release.AspNetCompiler.VirtualPath = "/localhost_52010"
		Release.AspNetCompiler.PhysicalPath = "..\..\WebSites\WebSite1\"
		Release.AspNetCompiler.TargetPath = "PrecompiledWeb\localhost_52010\"
		Release.AspNetCompiler.Updateable = "true"
		Release.AspNetCompiler.ForceOverwrite = "true"
		Release.AspNetCompiler.FixedNames = "false"
		Release.AspNetCompiler.Debug = "False"
		SlnRelativePath = "..\..\WebSites\WebSite1\"
		DefaultWebSiteLanguage = "Visual Basic"
	EndProjectSection
EndProject
Project("{FAE04EC0-301F-11D3-BF4B-00C04F79EFBC}") = "Domain.Models", "Domain.Models\Domain.Models.csproj", "{F11C4EF8-AAB1-4AB3-ADCF-ED82FBBED115}"
EndProject
Project("{FAE04EC0-301F-11D3-BF4B-00C04F79EFBC}") = "Service", "Service\Service.csproj", "{22485375-0370-42DD-B057-9EA1C19CB448}"
EndProject
Global
	GlobalSection(SolutionConfigurationPlatforms) = preSolution
		Debug|Any CPU = Debug|Any CPU
		Release|Any CPU = Release|Any CPU
	EndGlobalSection
	GlobalSection(ProjectConfigurationPlatforms) = postSolution
		{31BCBB9B-F385-445A-BE67-2D7169C4AA8C}.Debug|Any CPU.ActiveCfg = Debug|Any CPU
		{31BCBB9B-F385-445A-BE67-2D7169C4AA8C}.Debug|Any CPU.Build.0 = Debug|Any CPU
		{31BCBB9B-F385-445A-BE67-2D7169C4AA8C}.Release|Any CPU.ActiveCfg = Debug|Any CPU
		{31BCBB9B-F385-445A-BE67-2D7169C4AA8C}.Release|Any CPU.Build.0 = Debug|Any CPU
		{F11C4EF8-AAB1-4AB3-ADCF-ED82FBBED115}.Debug|Any CPU.ActiveCfg = Debug|Any CPU
		{F11C4EF8-AAB1-4AB3-ADCF-ED82FBBED115}.Debug|Any CPU.Build.0 = Debug|Any CPU
		{F11C4EF8-AAB1-4AB3-ADCF-ED82FBBED115}.Release|Any CPU.ActiveCfg = Release|Any CPU
		{F11C4EF8-AAB1-4AB3-ADCF-ED82FBBED115}.Release|Any CPU.Build.0 = Release|Any CPU
		{22485375-0370-42DD-B057-9EA1C19CB448}.Debug|Any CPU.ActiveCfg = Debug|Any CPU
		{22485375-0370-42DD-B057-9EA1C19CB448}.Debug|Any CPU.Build.0 = Debug|Any CPU
		{22485375-0370-42DD-B057-9EA1C19CB448}.Release|Any CPU.ActiveCfg = Release|Any CPU
		{22485375-0370-42DD-B057-9EA1C19CB448}.Release|Any CPU.Build.0 = Release|Any CPU
	EndGlobalSection
	GlobalSection(SolutionProperties) = preSolution
		HideSolutionNode = FALSE
	EndGlobalSection
EndGlobal
